{
  "name": "ParseRawCatFeederMetricsLambda",
  "version": "1.0.0",
  "lockfileVersion": 1,
  "requires": true,
  "dependencies": {
    "csv-stringify": {
      "version": "5.3.6",
      "resolved": "https://registry.npmjs.org/csv-stringify/-/csv-stringify-5.3.6.tgz",
      "integrity": "sha512-kPcRbMvo5NLLD71TAqW5K+g9kbM2HpIZJLAzm73Du8U+5TXmDp9YtXKCBLyxEh0q3Jbg8QhNFBz3b5VJzjZ/jw=="
    },
    "csv-stringify-as-promised": {
      "version": "2.0.10",
      "resolved": "https://registry.npmjs.org/csv-stringify-as-promised/-/csv-stringify-as-promised-2.0.10.tgz",
      "integrity": "sha512-rKpzR+mJcFwM1j6ZbdkFRV/vph9/O4KBtSS3pIBG1rkO5RXux1DwGLMgri3StYLoL6rN03sK3WTKfgche3kkaw==",
      "requires": {
        "csv-stringify": "^5.3.6"
      }
    }
  }
}
